
Microsoft Visual Studio Solution File, Format Version 11.00
# Visual Studio 2010
Project("{8BC9CEB8-8B4A-11D0-8D11-00A0C91BC942}") = "CredentialProviderHelpers", "helpers\Helpers.vcxproj", "{B3612C81-3DC8-435A-A6A5-7935BF5FD60C}"
EndProject
Project("{8BC9CEB8-8B4A-11D0-8D11-00A0C91BC942}") = "SampleWrapExistingCredentialProvider", "SampleWrapExistingCredentialProvider\SampleWrapExistingCredentialProvider.vcxproj", "{C2D61BA4-3FAA-4E42-8618-85A2EE4CCCBB}"
EndProject
Project("{8BC9CEB8-8B4A-11D0-8D11-00A0C91BC942}") = "CredentialStorage", "CredentialStorage\CredentialStorage.vcxproj", "{914ED70D-C9C7-46A9-B133-525612EFF665}"
EndProject
Project("{8BC9CEB8-8B4A-11D0-8D11-00A0C91BC942}") = "CredentialStorageTest", "CredentialStorageTest\CredentialStorageTest.vcxproj", "{95F1301E-F4CA-4B90-B5F7-2E965765C589}"
EndProject
Project("{8BC9CEB8-8B4A-11D0-8D11-00A0C91BC942}") = "IntranetLogon", "IntranetLogon\IntranetLogon.vcxproj", "{063B41CB-3B5C-4CB8-B2D1-AF127EDAB991}"
EndProject
Global
	GlobalSection(SolutionConfigurationPlatforms) = preSolution
		Debug|Win32 = Debug|Win32
		Debug|x64 = Debug|x64
		Release|Win32 = Release|Win32
		Release|x64 = Release|x64
	EndGlobalSection
	GlobalSection(ProjectConfigurationPlatforms) = postSolution
		{B3612C81-3DC8-435A-A6A5-7935BF5FD60C}.Debug|Win32.ActiveCfg = Debug|Win32
		{B3612C81-3DC8-435A-A6A5-7935BF5FD60C}.Debug|Win32.Build.0 = Debug|Win32
		{B3612C81-3DC8-435A-A6A5-7935BF5FD60C}.Debug|x64.ActiveCfg = Debug|x64
		{B3612C81-3DC8-435A-A6A5-7935BF5FD60C}.Debug|x64.Build.0 = Debug|x64
		{B3612C81-3DC8-435A-A6A5-7935BF5FD60C}.Release|Win32.ActiveCfg = Release|Win32
		{B3612C81-3DC8-435A-A6A5-7935BF5FD60C}.Release|Win32.Build.0 = Release|Win32
		{B3612C81-3DC8-435A-A6A5-7935BF5FD60C}.Release|x64.ActiveCfg = Release|x64
		{B3612C81-3DC8-435A-A6A5-7935BF5FD60C}.Release|x64.Build.0 = Release|x64
		{C2D61BA4-3FAA-4E42-8618-85A2EE4CCCBB}.Debug|Win32.ActiveCfg = Debug|Win32
		{C2D61BA4-3FAA-4E42-8618-85A2EE4CCCBB}.Debug|Win32.Build.0 = Debug|Win32
		{C2D61BA4-3FAA-4E42-8618-85A2EE4CCCBB}.Debug|x64.ActiveCfg = Debug|x64
		{C2D61BA4-3FAA-4E42-8618-85A2EE4CCCBB}.Debug|x64.Build.0 = Debug|x64
		{C2D61BA4-3FAA-4E42-8618-85A2EE4CCCBB}.Release|Win32.ActiveCfg = Release|Win32
		{C2D61BA4-3FAA-4E42-8618-85A2EE4CCCBB}.Release|Win32.Build.0 = Release|Win32
		{C2D61BA4-3FAA-4E42-8618-85A2EE4CCCBB}.Release|x64.ActiveCfg = Release|x64
		{C2D61BA4-3FAA-4E42-8618-85A2EE4CCCBB}.Release|x64.Build.0 = Release|x64
		{914ED70D-C9C7-46A9-B133-525612EFF665}.Debug|Win32.ActiveCfg = Debug|Win32
		{914ED70D-C9C7-46A9-B133-525612EFF665}.Debug|Win32.Build.0 = Debug|Win32
		{914ED70D-C9C7-46A9-B133-525612EFF665}.Debug|x64.ActiveCfg = Debug|x64
		{914ED70D-C9C7-46A9-B133-525612EFF665}.Debug|x64.Build.0 = Debug|x64
		{914ED70D-C9C7-46A9-B133-525612EFF665}.Release|Win32.ActiveCfg = Release|Win32
		{914ED70D-C9C7-46A9-B133-525612EFF665}.Release|Win32.Build.0 = Release|Win32
		{914ED70D-C9C7-46A9-B133-525612EFF665}.Release|x64.ActiveCfg = Release|x64
		{914ED70D-C9C7-46A9-B133-525612EFF665}.Release|x64.Build.0 = Release|x64
		{95F1301E-F4CA-4B90-B5F7-2E965765C589}.Debug|Win32.ActiveCfg = Debug|Win32
		{95F1301E-F4CA-4B90-B5F7-2E965765C589}.Debug|Win32.Build.0 = Debug|Win32
		{95F1301E-F4CA-4B90-B5F7-2E965765C589}.Debug|x64.ActiveCfg = Debug|x64
		{95F1301E-F4CA-4B90-B5F7-2E965765C589}.Debug|x64.Build.0 = Debug|x64
		{95F1301E-F4CA-4B90-B5F7-2E965765C589}.Release|Win32.ActiveCfg = Release|Win32
		{95F1301E-F4CA-4B90-B5F7-2E965765C589}.Release|Win32.Build.0 = Release|Win32
		{95F1301E-F4CA-4B90-B5F7-2E965765C589}.Release|x64.ActiveCfg = Release|x64
		{95F1301E-F4CA-4B90-B5F7-2E965765C589}.Release|x64.Build.0 = Release|x64
		{063B41CB-3B5C-4CB8-B2D1-AF127EDAB991}.Debug|Win32.ActiveCfg = Debug|Win32
		{063B41CB-3B5C-4CB8-B2D1-AF127EDAB991}.Debug|Win32.Build.0 = Debug|Win32
		{063B41CB-3B5C-4CB8-B2D1-AF127EDAB991}.Debug|x64.ActiveCfg = Debug|x64
		{063B41CB-3B5C-4CB8-B2D1-AF127EDAB991}.Debug|x64.Build.0 = Debug|x64
		{063B41CB-3B5C-4CB8-B2D1-AF127EDAB991}.Release|Win32.ActiveCfg = Release|Win32
		{063B41CB-3B5C-4CB8-B2D1-AF127EDAB991}.Release|Win32.Build.0 = Release|Win32
		{063B41CB-3B5C-4CB8-B2D1-AF127EDAB991}.Release|x64.ActiveCfg = Release|x64
		{063B41CB-3B5C-4CB8-B2D1-AF127EDAB991}.Release|x64.Build.0 = Release|x64
	EndGlobalSection
	GlobalSection(SolutionProperties) = preSolution
		HideSolutionNode = FALSE
	EndGlobalSection
EndGlobal
